// !$*UTF8*$!
{
	archiveVersion = 1;
	classes = {
	};
	objectVersion = 50;
	objects = {

/* Begin PBXBuildFile section */
		A5591EB426AA77F900EE39A6 /* AppDelegate.swift in Sources */ = {isa = PBXBuildFile; fileRef = A5591EB326AA77F900EE39A6 /* AppDelegate.swift */; };
		A5591EB626AA77F900EE39A6 /* SceneDelegate.swift in Sources */ = {isa = PBXBuildFile; fileRef = A5591EB526AA77F900EE39A6 /* SceneDelegate.swift */; };
		A5591EB826AA77F900EE39A6 /* ViewController.swift in Sources */ = {isa = PBXBuildFile; fileRef = A5591EB726AA77F900EE39A6 /* ViewController.swift */; };
		A5591EBB26AA77F900EE39A6 /* Main.storyboard in Resources */ = {isa = PBXBuildFile; fileRef = A5591EB926AA77F900EE39A6 /* Main.storyboard */; };
		A5591EBE26AA77F900EE39A6 /* NigeroKanji.xcdatamodeld in Sources */ = {isa = PBXBuildFile; fileRef = A5591EBC26AA77F900EE39A6 /* NigeroKanji.xcdatamodeld */; };
		A5591EC026AA77FA00EE39A6 /* Assets.xcassets in Resources */ = {isa = PBXBuildFile; fileRef = A5591EBF26AA77FA00EE39A6 /* Assets.xcassets */; };
		A5591EC326AA77FA00EE39A6 /* LaunchScreen.storyboard in Resources */ = {isa = PBXBuildFile; fileRef = A5591EC126AA77FA00EE39A6 /* LaunchScreen.storyboard */; };
		A5591ECE26AA782500EE39A6 /* Questions.swift in Sources */ = {isa = PBXBuildFile; fileRef = A5591ECD26AA782500EE39A6 /* Questions.swift */; };
		A5591ED026AA785400EE39A6 /* MainGame.storyboard in Resources */ = {isa = PBXBuildFile; fileRef = A5591ECF26AA785400EE39A6 /* MainGame.storyboard */; };
		A5591ED226AA786900EE39A6 /* MapOfJourney.storyboard in Resources */ = {isa = PBXBuildFile; fileRef = A5591ED126AA786900EE39A6 /* MapOfJourney.storyboard */; };
		A5591ED426AA788100EE39A6 /* LevelComplete.storyboard in Resources */ = {isa = PBXBuildFile; fileRef = A5591ED326AA788100EE39A6 /* LevelComplete.storyboard */; };
		A5591ED626AA78E000EE39A6 /* MainGameViewController.swift in Sources */ = {isa = PBXBuildFile; fileRef = A5591ED526AA78E000EE39A6 /* MainGameViewController.swift */; };
/* End PBXBuildFile section */

/* Begin PBXFileReference section */
		A5591EB026AA77F900EE39A6 /* NigeroKanji.app */ = {isa = PBXFileReference; explicitFileType = wrapper.application; includeInIndex = 0; path = NigeroKanji.app; sourceTree = BUILT_PRODUCTS_DIR; };
		A5591EB326AA77F900EE39A6 /* AppDelegate.swift */ = {isa = PBXFileReference; lastKnownFileType = sourcecode.swift; path = AppDelegate.swift; sourceTree = "<group>"; };
		A5591EB526AA77F900EE39A6 /* SceneDelegate.swift */ = {isa = PBXFileReference; lastKnownFileType = sourcecode.swift; path = SceneDelegate.swift; sourceTree = "<group>"; };
		A5591EB726AA77F900EE39A6 /* ViewController.swift */ = {isa = PBXFileReference; lastKnownFileType = sourcecode.swift; path = ViewController.swift; sourceTree = "<group>"; };
		A5591EBA26AA77F900EE39A6 /* Base */ = {isa = PBXFileReference; lastKnownFileType = file.storyboard; name = Base; path = Base.lproj/Main.storyboard; sourceTree = "<group>"; };
		A5591EBD26AA77F900EE39A6 /* NigeroKanji.xcdatamodel */ = {isa = PBXFileReference; lastKnownFileType = wrapper.xcdatamodel; path = NigeroKanji.xcdatamodel; sourceTree = "<group>"; };
		A5591EBF26AA77FA00EE39A6 /* Assets.xcassets */ = {isa = PBXFileReference; lastKnownFileType = folder.assetcatalog; path = Assets.xcassets; sourceTree = "<group>"; };
		A5591EC226AA77FA00EE39A6 /* Base */ = {isa = PBXFileReference; lastKnownFileType = file.storyboard; name = Base; path = Base.lproj/LaunchScreen.storyboard; sourceTree = "<group>"; };
		A5591EC426AA77FA00EE39A6 /* Info.plist */ = {isa = PBXFileReference; lastKnownFileType = text.plist.xml; path = Info.plist; sourceTree = "<group>"; };
		A5591ECD26AA782500EE39A6 /* Questions.swift */ = {isa = PBXFileReference; lastKnownFileType = sourcecode.swift; path = Questions.swift; sourceTree = "<group>"; };
		A5591ECF26AA785400EE39A6 /* MainGame.storyboard */ = {isa = PBXFileReference; lastKnownFileType = file.storyboard; path = MainGame.storyboard; sourceTree = "<group>"; };
		A5591ED126AA786900EE39A6 /* MapOfJourney.storyboard */ = {isa = PBXFileReference; lastKnownFileType = file.storyboard; path = MapOfJourney.storyboard; sourceTree = "<group>"; };
		A5591ED326AA788100EE39A6 /* LevelComplete.storyboard */ = {isa = PBXFileReference; lastKnownFileType = file.storyboard; path = LevelComplete.storyboard; sourceTree = "<group>"; };
		A5591ED526AA78E000EE39A6 /* MainGameViewController.swift */ = {isa = PBXFileReference; lastKnownFileType = sourcecode.swift; path = MainGameViewController.swift; sourceTree = "<group>"; };
/* End PBXFileReference section */

/* Begin PBXFrameworksBuildPhase section */
		A5591EAD26AA77F900EE39A6 /* Frameworks */ = {
			isa = PBXFrameworksBuildPhase;
			buildActionMask = 2147483647;
			files = (
			);
			runOnlyForDeploymentPostprocessing = 0;
		};
/* End PBXFrameworksBuildPhase section */

/* Begin PBXGroup section */
		A5591EA726AA77F900EE39A6 = {
			isa = PBXGroup;
			children = (
				A5591ECC26AA781400EE39A6 /* Controller */,
				A5591ECB26AA780700EE39A6 /* Model */,
				A5591ECA26AA780200EE39A6 /* Views */,
				A5591EB226AA77F900EE39A6 /* NigeroKanji */,
				A5591EB126AA77F900EE39A6 /* Products */,
			);
			sourceTree = "<group>";
		};
		A5591EB126AA77F900EE39A6 /* Products */ = {
			isa = PBXGroup;
			children = (
				A5591EB026AA77F900EE39A6 /* NigeroKanji.app */,
			);
			name = Products;
			sourceTree = "<group>";
		};
		A5591EB226AA77F900EE39A6 /* NigeroKanji */ = {
			isa = PBXGroup;
			children = (
				A5591EB326AA77F900EE39A6 /* AppDelegate.swift */,
				A5591EB526AA77F900EE39A6 /* SceneDelegate.swift */,
				A5591EB726AA77F900EE39A6 /* ViewController.swift */,
				A5591EB926AA77F900EE39A6 /* Main.storyboard */,
				A5591EBF26AA77FA00EE39A6 /* Assets.xcassets */,
				A5591EC126AA77FA00EE39A6 /* LaunchScreen.storyboard */,
				A5591EC426AA77FA00EE39A6 /* Info.plist */,
				A5591EBC26AA77F900EE39A6 /* NigeroKanji.xcdatamodeld */,
			);
			path = NigeroKanji;
			sourceTree = "<group>";
		};
		A5591ECA26AA780200EE39A6 /* Views */ = {
			isa = PBXGroup;
			children = (
				A5591ECF26AA785400EE39A6 /* MainGame.storyboard */,
				A5591ED126AA786900EE39A6 /* MapOfJourney.storyboard */,
				A5591ED326AA788100EE39A6 /* LevelComplete.storyboard */,
			);
			path = Views;
			sourceTree = "<group>";
		};
		A5591ECB26AA780700EE39A6 /* Model */ = {
			isa = PBXGroup;
			children = (
				A5591ECD26AA782500EE39A6 /* Questions.swift */,
			);
			path = Model;
			sourceTree = "<group>";
		};
		A5591ECC26AA781400EE39A6 /* Controller */ = {
			isa = PBXGroup;
			children = (
				A5591ED526AA78E000EE39A6 /* MainGameViewController.swift */,
			);
			path = Controller;
			sourceTree = "<group>";
		};
/* End PBXGroup section */

/* Begin PBXNativeTarget section */
		A5591EAF26AA77F900EE39A6 /* NigeroKanji */ = {
			isa = PBXNativeTarget;
			buildConfigurationList = A5591EC726AA77FA00EE39A6 /* Build configuration list for PBXNativeTarget "NigeroKanji" */;
			buildPhases = (
				A5591EAC26AA77F900EE39A6 /* Sources */,
				A5591EAD26AA77F900EE39A6 /* Frameworks */,
				A5591EAE26AA77F900EE39A6 /* Resources */,
			);
			buildRules = (
			);
			dependencies = (
			);
			name = NigeroKanji;
			productName = NigeroKanji;
			productReference = A5591EB026AA77F900EE39A6 /* NigeroKanji.app */;
			productType = "com.apple.product-type.application";
		};
/* End PBXNativeTarget section */

/* Begin PBXProject section */
		A5591EA826AA77F900EE39A6 /* Project object */ = {
			isa = PBXProject;
			attributes = {
				LastSwiftUpdateCheck = 1250;
				LastUpgradeCheck = 1250;
				TargetAttributes = {
					A5591EAF26AA77F900EE39A6 = {
						CreatedOnToolsVersion = 12.5.1;
					};
				};
			};
			buildConfigurationList = A5591EAB26AA77F900EE39A6 /* Build configuration list for PBXProject "NigeroKanji" */;
			compatibilityVersion = "Xcode 9.3";
			developmentRegion = en;
			hasScannedForEncodings = 0;
			knownRegions = (
				en,
				Base,
			);
			mainGroup = A5591EA726AA77F900EE39A6;
			productRefGroup = A5591EB126AA77F900EE39A6 /* Products */;
			projectDirPath = "";
			projectRoot = "";
			targets = (
				A5591EAF26AA77F900EE39A6 /* NigeroKanji */,
			);
		};
/* End PBXProject section */

/* Begin PBXResourcesBuildPhase section */
		A5591EAE26AA77F900EE39A6 /* Resources */ = {
			isa = PBXResourcesBuildPhase;
			buildActionMask = 2147483647;
			files = (
				A5591ED426AA788100EE39A6 /* LevelComplete.storyboard in Resources */,
				A5591EC326AA77FA00EE39A6 /* LaunchScreen.storyboard in Resources */,
				A5591ED026AA785400EE39A6 /* MainGame.storyboard in Resources */,
				A5591EC026AA77FA00EE39A6 /* Assets.xcassets in Resources */,
				A5591ED226AA786900EE39A6 /* MapOfJourney.storyboard in Resources */,
				A5591EBB26AA77F900EE39A6 /* Main.storyboard in Resources */,
			);
			runOnlyForDeploymentPostprocessing = 0;
		};
/* End PBXResourcesBuildPhase section */

/* Begin PBXSourcesBuildPhase section */
		A5591EAC26AA77F900EE39A6 /* Sources */ = {
			isa = PBXSourcesBuildPhase;
			buildActionMask = 2147483647;
			files = (
				A5591EB826AA77F900EE39A6 /* ViewController.swift in Sources */,
				A5591EBE26AA77F900EE39A6 /* NigeroKanji.xcdatamodeld in Sources */,
				A5591EB426AA77F900EE39A6 /* AppDelegate.swift in Sources */,
				A5591ED626AA78E000EE39A6 /* MainGameViewController.swift in Sources */,
				A5591ECE26AA782500EE39A6 /* Questions.swift in Sources */,
				A5591EB626AA77F900EE39A6 /* SceneDelegate.swift in Sources */,
			);
			runOnlyForDeploymentPostprocessing = 0;
		};
/* End PBXSourcesBuildPhase section */

/* Begin PBXVariantGroup section */
		A5591EB926AA77F900EE39A6 /* Main.storyboard */ = {
			isa = PBXVariantGroup;
			children = (
				A5591EBA26AA77F900EE39A6 /* Base */,
			);
			name = Main.storyboard;
			sourceTree = "<group>";
		};
		A5591EC126AA77FA00EE39A6 /* LaunchScreen.storyboard */ = {
			isa = PBXVariantGroup;
			children = (
				A5591EC226AA77FA00EE39A6 /* Base */,
			);
			name = LaunchScreen.storyboard;
			sourceTree = "<group>";
		};
/* End PBXVariantGroup section */

/* Begin XCBuildConfiguration section */
		A5591EC526AA77FA00EE39A6 /* Debug */ = {
			isa = XCBuildConfiguration;
			buildSettings = {
				ALWAYS_SEARCH_USER_PATHS = NO;
				CLANG_ANALYZER_NONNULL = YES;
				CLANG_ANALYZER_NUMBER_OBJECT_CONVERSION = YES_AGGRESSIVE;
				CLANG_CXX_LANGUAGE_STANDARD = "gnu++14";
				CLANG_CXX_LIBRARY = "libc++";
				CLANG_ENABLE_MODULES = YES;
				CLANG_ENABLE_OBJC_ARC = YES;
				CLANG_ENABLE_OBJC_WEAK = YES;
				CLANG_WARN_BLOCK_CAPTURE_AUTORELEASING = YES;
				CLANG_WARN_BOOL_CONVERSION = YES;
				CLANG_WARN_COMMA = YES;
				CLANG_WARN_CONSTANT_CONVERSION = YES;
				CLANG_WARN_DEPRECATED_OBJC_IMPLEMENTATIONS = YES;
				CLANG_WARN_DIRECT_OBJC_ISA_USAGE = YES_ERROR;
				CLANG_WARN_DOCUMENTATION_COMMENTS = YES;
				CLANG_WARN_EMPTY_BODY = YES;
				CLANG_WARN_ENUM_CONVERSION = YES;
				CLANG_WARN_INFINITE_RECURSION = YES;
				CLANG_WARN_INT_CONVERSION = YES;
				CLANG_WARN_NON_LITERAL_NULL_CONVERSION = YES;
				CLANG_WARN_OBJC_IMPLICIT_RETAIN_SELF = YES;
				CLANG_WARN_OBJC_LITERAL_CONVERSION = YES;
				CLANG_WARN_OBJC_ROOT_CLASS = YES_ERROR;
				CLANG_WARN_QUOTED_INCLUDE_IN_FRAMEWORK_HEADER = YES;
				CLANG_WARN_RANGE_LOOP_ANALYSIS = YES;
				CLANG_WARN_STRICT_PROTOTYPES = YES;
				CLANG_WARN_SUSPICIOUS_MOVE = YES;
				CLANG_WARN_UNGUARDED_AVAILABILITY = YES_AGGRESSIVE;
				CLANG_WARN_UNREACHABLE_CODE = YES;
				CLANG_WARN__DUPLICATE_METHOD_MATCH = YES;
				COPY_PHASE_STRIP = NO;
				DEBUG_INFORMATION_FORMAT = dwarf;
				ENABLE_STRICT_OBJC_MSGSEND = YES;
				ENABLE_TESTABILITY = YES;
				GCC_C_LANGUAGE_STANDARD = gnu11;
				GCC_DYNAMIC_NO_PIC = NO;
				GCC_NO_COMMON_BLOCKS = YES;
				GCC_OPTIMIZATION_LEVEL = 0;
				GCC_PREPROCESSOR_DEFINITIONS = (
					"DEBUG=1",
					"$(inherited)",
				);
				GCC_WARN_64_TO_32_BIT_CONVERSION = YES;
				GCC_WARN_ABOUT_RETURN_TYPE = YES_ERROR;
				GCC_WARN_UNDECLARED_SELECTOR = YES;
				GCC_WARN_UNINITIALIZED_AUTOS = YES_AGGRESSIVE;
				GCC_WARN_UNUSED_FUNCTION = YES;
				GCC_WARN_UNUSED_VARIABLE = YES;
				IPHONEOS_DEPLOYMENT_TARGET = 14.5;
				MTL_ENABLE_DEBUG_INFO = INCLUDE_SOURCE;
				MTL_FAST_MATH = YES;
				ONLY_ACTIVE_ARCH = YES;
				SDKROOT = iphoneos;
				SWIFT_ACTIVE_COMPILATION_CONDITIONS = DEBUG;
				SWIFT_OPTIMIZATION_LEVEL = "-Onone";
			};
			name = Debug;
		};
		A5591EC626AA77FA00EE39A6 /* Release */ = {
			isa = XCBuildConfiguration;
			buildSettings = {
				ALWAYS_SEARCH_USER_PATHS = NO;
				CLANG_ANALYZER_NONNULL = YES;
				CLANG_ANALYZER_NUMBER_OBJECT_CONVERSION = YES_AGGRESSIVE;
				CLANG_CXX_LANGUAGE_STANDARD = "gnu++14";
				CLANG_CXX_LIBRARY = "libc++";
				CLANG_ENABLE_MODULES = YES;
				CLANG_ENABLE_OBJC_ARC = YES;
				CLANG_ENABLE_OBJC_WEAK = YES;
				CLANG_WARN_BLOCK_CAPTURE_AUTORELEASING = YES;
				CLANG_WARN_BOOL_CONVERSION = YES;
				CLANG_WARN_COMMA = YES;
				CLANG_WARN_CONSTANT_CONVERSION = YES;
				CLANG_WARN_DEPRECATED_OBJC_IMPLEMENTATIONS = YES;
				CLANG_WARN_DIRECT_OBJC_ISA_USAGE = YES_ERROR;
				CLANG_WARN_DOCUMENTATION_COMMENTS = YES;
				CLANG_WARN_EMPTY_BODY = YES;
				CLANG_WARN_ENUM_CONVERSION = YES;
				CLANG_WARN_INFINITE_RECURSION = YES;
				CLANG_WARN_INT_CONVERSION = YES;
				CLANG_WARN_NON_LITERAL_NULL_CONVERSION = YES;
				CLANG_WARN_OBJC_IMPLICIT_RETAIN_SELF = YES;
				CLANG_WARN_OBJC_LITERAL_CONVERSION = YES;
				CLANG_WARN_OBJC_ROOT_CLASS = YES_ERROR;
				CLANG_WARN_QUOTED_INCLUDE_IN_FRAMEWORK_HEADER = YES;
				CLANG_WARN_RANGE_LOOP_ANALYSIS = YES;
				CLANG_WARN_STRICT_PROTOTYPES = YES;
				CLANG_WARN_SUSPICIOUS_MOVE = YES;
				CLANG_WARN_UNGUARDED_AVAILABILITY = YES_AGGRESSIVE;
				CLANG_WARN_UNREACHABLE_CODE = YES;
				CLANG_WARN__DUPLICATE_METHOD_MATCH = YES;
				COPY_PHASE_STRIP = NO;
				DEBUG_INFORMATION_FORMAT = "dwarf-with-dsym";
				ENABLE_NS_ASSERTIONS = NO;
				ENABLE_STRICT_OBJC_MSGSEND = YES;
				GCC_C_LANGUAGE_STANDARD = gnu11;
				GCC_NO_COMMON_BLOCKS = YES;
				GCC_WARN_64_TO_32_BIT_CONVERSION = YES;
				GCC_WARN_ABOUT_RETURN_TYPE = YES_ERROR;
				GCC_WARN_UNDECLARED_SELECTOR = YES;
				GCC_WARN_UNINITIALIZED_AUTOS = YES_AGGRESSIVE;
				GCC_WARN_UNUSED_FUNCTION = YES;
				GCC_WARN_UNUSED_VARIABLE = YES;
				IPHONEOS_DEPLOYMENT_TARGET = 14.5;
				MTL_ENABLE_DEBUG_INFO = NO;
				MTL_FAST_MATH = YES;
				SDKROOT = iphoneos;
				SWIFT_COMPILATION_MODE = wholemodule;
				SWIFT_OPTIMIZATION_LEVEL = "-O";
				VALIDATE_PRODUCT = YES;
			};
			name = Release;
		};
		A5591EC826AA77FA00EE39A6 /* Debug */ = {
			isa = XCBuildConfiguration;
			buildSettings = {
				ASSETCATALOG_COMPILER_APPICON_NAME = AppIcon;
				ASSETCATALOG_COMPILER_GLOBAL_ACCENT_COLOR_NAME = AccentColor;
				CODE_SIGN_STYLE = Automatic;
				DEVELOPMENT_TEAM = YKQLRUN464;
				INFOPLIST_FILE = NigeroKanji/Info.plist;
				LD_RUNPATH_SEARCH_PATHS = (
					"$(inherited)",
					"@executable_path/Frameworks",
				);
				PRODUCT_BUNDLE_IDENTIFIER = com.aldinonid.NigeroKanji;
				PRODUCT_NAME = "$(TARGET_NAME)";
				SWIFT_VERSION = 5.0;
				TARGETED_DEVICE_FAMILY = "1,2";
			};
			name = Debug;
		};
		A5591EC926AA77FA00EE39A6 /* Release */ = {
			isa = XCBuildConfiguration;
			buildSettings = {
				ASSETCATALOG_COMPILER_APPICON_NAME = AppIcon;
				ASSETCATALOG_COMPILER_GLOBAL_ACCENT_COLOR_NAME = AccentColor;
				CODE_SIGN_STYLE = Automatic;
				DEVELOPMENT_TEAM = YKQLRUN464;
				INFOPLIST_FILE = NigeroKanji/Info.plist;
				LD_RUNPATH_SEARCH_PATHS = (
					"$(inherited)",
					"@executable_path/Frameworks",
				);
				PRODUCT_BUNDLE_IDENTIFIER = com.aldinonid.NigeroKanji;
				PRODUCT_NAME = "$(TARGET_NAME)";
				SWIFT_VERSION = 5.0;
				TARGETED_DEVICE_FAMILY = "1,2";
			};
			name = Release;
		};
/* End XCBuildConfiguration section */

/* Begin XCConfigurationList section */
		A5591EAB26AA77F900EE39A6 /* Build configuration list for PBXProject "NigeroKanji" */ = {
			isa = XCConfigurationList;
			buildConfigurations = (
				A5591EC526AA77FA00EE39A6 /* Debug */,
				A5591EC626AA77FA00EE39A6 /* Release */,
			);
			defaultConfigurationIsVisible = 0;
			defaultConfigurationName = Release;
		};
		A5591EC726AA77FA00EE39A6 /* Build configuration list for PBXNativeTarget "NigeroKanji" */ = {
			isa = XCConfigurationList;
			buildConfigurations = (
				A5591EC826AA77FA00EE39A6 /* Debug */,
				A5591EC926AA77FA00EE39A6 /* Release */,
			);
			defaultConfigurationIsVisible = 0;
			defaultConfigurationName = Release;
		};
/* End XCConfigurationList section */

/* Begin XCVersionGroup section */
		A5591EBC26AA77F900EE39A6 /* NigeroKanji.xcdatamodeld */ = {
			isa = XCVersionGroup;
			children = (
				A5591EBD26AA77F900EE39A6 /* NigeroKanji.xcdatamodel */,
			);
			currentVersion = A5591EBD26AA77F900EE39A6 /* NigeroKanji.xcdatamodel */;
			path = NigeroKanji.xcdatamodeld;
			sourceTree = "<group>";
			versionGroupType = wrapper.xcdatamodel;
		};
/* End XCVersionGroup section */
	};
	rootObject = A5591EA826AA77F900EE39A6 /* Project object */;
}
